
Microsoft Visual Studio Solution File, Format Version 12.00
# Visual Studio Version 16
VisualStudioVersion = 16.0.29201.188
MinimumVisualStudioVersion = 10.0.40219.1
Project("{FAE04EC0-301F-11D3-BF4B-00C04F79EFBC}") = "Set", "Set.csproj", "{FB73FD7D-7139-41B9-9552-83635064F48C}"
EndProject
Global
	GlobalSection(SolutionConfigurationPlatforms) = preSolution
		Debug|Any CPU = Debug|Any CPU
		Release|Any CPU = Release|Any CPU
	EndGlobalSection
	GlobalSection(ProjectConfigurationPlatforms) = postSolution
		{FB73FD7D-7139-41B9-9552-83635064F48C}.Debug|Any CPU.ActiveCfg = Debug|Any CPU
		{FB73FD7D-7139-41B9-9552-83635064F48C}.Debug|Any CPU.Build.0 = Debug|Any CPU
		{FB73FD7D-7139-41B9-9552-83635064F48C}.Release|Any CPU.ActiveCfg = Release|Any CPU
		{FB73FD7D-7139-41B9-9552-83635064F48C}.Release|Any CPU.Build.0 = Release|Any CPU
	EndGlobalSection
	GlobalSection(SolutionProperties) = preSolution
		HideSolutionNode = FALSE
	EndGlobalSection
	GlobalSection(ExtensibilityGlobals) = postSolution
		SolutionGuid = {14E18EB0-D147-40D5-ADDF-82A4A934E0E9}
	EndGlobalSection
EndGlobal
